// !$*UTF8*$!
{
	archiveVersion = 1;
	classes = {
	};
	objectVersion = 50;
	objects = {

/* Begin PBXBuildFile section */
		F68A708520F41CCF00F50C88 /* LoginViewController.m in Sources */ = {isa = PBXBuildFile; fileRef = F68A708420F41CCF00F50C88 /* LoginViewController.m */; };
		F68A708820F41F0000F50C88 /* TimelineViewController.m in Sources */ = {isa = PBXBuildFile; fileRef = F68A708720F41F0000F50C88 /* TimelineViewController.m */; };
		F68A708B20F4261A00F50C88 /* Post.m in Sources */ = {isa = PBXBuildFile; fileRef = F68A708A20F4261A00F50C88 /* Post.m */; };
		F68A708E20F426D000F50C88 /* ComposeViewController.m in Sources */ = {isa = PBXBuildFile; fileRef = F68A708D20F426D000F50C88 /* ComposeViewController.m */; };
		F68A709720F42E3100F50C88 /* InstagramCell.m in Sources */ = {isa = PBXBuildFile; fileRef = F68A709620F42E3100F50C88 /* InstagramCell.m */; };
		F68A709A20F5508000F50C88 /* DetailsViewController.m in Sources */ = {isa = PBXBuildFile; fileRef = F68A709920F5508000F50C88 /* DetailsViewController.m */; };
		F6B6E16020F5637E00B86D04 /* CoreLocation.framework in Frameworks */ = {isa = PBXBuildFile; fileRef = F6B6E15F20F5637E00B86D04 /* CoreLocation.framework */; };
		F6B6E16820F69AF400B86D04 /* ProfileViewController.m in Sources */ = {isa = PBXBuildFile; fileRef = F6B6E16720F69AF400B86D04 /* ProfileViewController.m */; };
		F6B6E16B20F6BD3500B86D04 /* ImageCell.m in Sources */ = {isa = PBXBuildFile; fileRef = F6B6E16A20F6BD3500B86D04 /* ImageCell.m */; };
		F6B6E16E20F80D2000B86D04 /* YelpManager.m in Sources */ = {isa = PBXBuildFile; fileRef = F6B6E16D20F80D2000B86D04 /* YelpManager.m */; };
		F6B6E17120F9151500B86D04 /* InfiniteActivityScrollingView.m in Sources */ = {isa = PBXBuildFile; fileRef = F6B6E17020F9151500B86D04 /* InfiniteActivityScrollingView.m */; };
		F6F040A720F416DD0084C2E2 /* AppDelegate.m in Sources */ = {isa = PBXBuildFile; fileRef = F6F040A620F416DD0084C2E2 /* AppDelegate.m */; };
		F6F040AA20F416DD0084C2E2 /* ViewController.m in Sources */ = {isa = PBXBuildFile; fileRef = F6F040A920F416DD0084C2E2 /* ViewController.m */; };
		F6F040AD20F416DD0084C2E2 /* Main.storyboard in Resources */ = {isa = PBXBuildFile; fileRef = F6F040AB20F416DD0084C2E2 /* Main.storyboard */; };
		F6F040AF20F416DF0084C2E2 /* Assets.xcassets in Resources */ = {isa = PBXBuildFile; fileRef = F6F040AE20F416DF0084C2E2 /* Assets.xcassets */; };
		F6F040B220F416DF0084C2E2 /* LaunchScreen.storyboard in Resources */ = {isa = PBXBuildFile; fileRef = F6F040B020F416DF0084C2E2 /* LaunchScreen.storyboard */; };
		F6F040B520F416DF0084C2E2 /* main.m in Sources */ = {isa = PBXBuildFile; fileRef = F6F040B420F416DF0084C2E2 /* main.m */; };
		FDDADA04E0F8E6E96B53CFD6 /* libPods-Instagram.a in Frameworks */ = {isa = PBXBuildFile; fileRef = B45A87801BB6C626F8F05281 /* libPods-Instagram.a */; };
/* End PBXBuildFile section */

/* Begin PBXFileReference section */
		0CCE564BB0551E48C566E2EB /* Pods-Instagram.debug.xcconfig */ = {isa = PBXFileReference; includeInIndex = 1; lastKnownFileType = text.xcconfig; name = "Pods-Instagram.debug.xcconfig"; path = "Pods/Target Support Files/Pods-Instagram/Pods-Instagram.debug.xcconfig"; sourceTree = "<group>"; };
		88B120B3A2FC5EC364CC55A6 /* Pods-Instagram.release.xcconfig */ = {isa = PBXFileReference; includeInIndex = 1; lastKnownFileType = text.xcconfig; name = "Pods-Instagram.release.xcconfig"; path = "Pods/Target Support Files/Pods-Instagram/Pods-Instagram.release.xcconfig"; sourceTree = "<group>"; };
		B45A87801BB6C626F8F05281 /* libPods-Instagram.a */ = {isa = PBXFileReference; explicitFileType = archive.ar; includeInIndex = 0; path = "libPods-Instagram.a"; sourceTree = BUILT_PRODUCTS_DIR; };
		F68A708320F41CCF00F50C88 /* LoginViewController.h */ = {isa = PBXFileReference; lastKnownFileType = sourcecode.c.h; path = LoginViewController.h; sourceTree = "<group>"; };
		F68A708420F41CCF00F50C88 /* LoginViewController.m */ = {isa = PBXFileReference; lastKnownFileType = sourcecode.c.objc; path = LoginViewController.m; sourceTree = "<group>"; };
		F68A708620F41F0000F50C88 /* TimelineViewController.h */ = {isa = PBXFileReference; lastKnownFileType = sourcecode.c.h; path = TimelineViewController.h; sourceTree = "<group>"; };
		F68A708720F41F0000F50C88 /* TimelineViewController.m */ = {isa = PBXFileReference; lastKnownFileType = sourcecode.c.objc; path = TimelineViewController.m; sourceTree = "<group>"; };
		F68A708920F4261A00F50C88 /* Post.h */ = {isa = PBXFileReference; lastKnownFileType = sourcecode.c.h; path = Post.h; sourceTree = "<group>"; };
		F68A708A20F4261A00F50C88 /* Post.m */ = {isa = PBXFileReference; lastKnownFileType = sourcecode.c.objc; path = Post.m; sourceTree = "<group>"; };
		F68A708C20F426D000F50C88 /* ComposeViewController.h */ = {isa = PBXFileReference; lastKnownFileType = sourcecode.c.h; path = ComposeViewController.h; sourceTree = "<group>"; };
		F68A708D20F426D000F50C88 /* ComposeViewController.m */ = {isa = PBXFileReference; lastKnownFileType = sourcecode.c.objc; path = ComposeViewController.m; sourceTree = "<group>"; };
		F68A709520F42E3100F50C88 /* InstagramCell.h */ = {isa = PBXFileReference; lastKnownFileType = sourcecode.c.h; path = InstagramCell.h; sourceTree = "<group>"; };
		F68A709620F42E3100F50C88 /* InstagramCell.m */ = {isa = PBXFileReference; lastKnownFileType = sourcecode.c.objc; path = InstagramCell.m; sourceTree = "<group>"; };
		F68A709820F5508000F50C88 /* DetailsViewController.h */ = {isa = PBXFileReference; lastKnownFileType = sourcecode.c.h; path = DetailsViewController.h; sourceTree = "<group>"; };
		F68A709920F5508000F50C88 /* DetailsViewController.m */ = {isa = PBXFileReference; lastKnownFileType = sourcecode.c.objc; path = DetailsViewController.m; sourceTree = "<group>"; };
		F6B6E15F20F5637E00B86D04 /* CoreLocation.framework */ = {isa = PBXFileReference; lastKnownFileType = wrapper.framework; name = CoreLocation.framework; path = System/Library/Frameworks/CoreLocation.framework; sourceTree = SDKROOT; };
		F6B6E16620F69AF400B86D04 /* ProfileViewController.h */ = {isa = PBXFileReference; lastKnownFileType = sourcecode.c.h; path = ProfileViewController.h; sourceTree = "<group>"; };
		F6B6E16720F69AF400B86D04 /* ProfileViewController.m */ = {isa = PBXFileReference; lastKnownFileType = sourcecode.c.objc; path = ProfileViewController.m; sourceTree = "<group>"; };
		F6B6E16920F6BD3500B86D04 /* ImageCell.h */ = {isa = PBXFileReference; lastKnownFileType = sourcecode.c.h; path = ImageCell.h; sourceTree = "<group>"; };
		F6B6E16A20F6BD3500B86D04 /* ImageCell.m */ = {isa = PBXFileReference; lastKnownFileType = sourcecode.c.objc; path = ImageCell.m; sourceTree = "<group>"; };
		F6B6E16C20F80D2000B86D04 /* YelpManager.h */ = {isa = PBXFileReference; lastKnownFileType = sourcecode.c.h; path = YelpManager.h; sourceTree = "<group>"; };
		F6B6E16D20F80D2000B86D04 /* YelpManager.m */ = {isa = PBXFileReference; lastKnownFileType = sourcecode.c.objc; path = YelpManager.m; sourceTree = "<group>"; };
		F6B6E16F20F9151500B86D04 /* InfiniteActivityScrollingView.h */ = {isa = PBXFileReference; lastKnownFileType = sourcecode.c.h; path = InfiniteActivityScrollingView.h; sourceTree = "<group>"; };
		F6B6E17020F9151500B86D04 /* InfiniteActivityScrollingView.m */ = {isa = PBXFileReference; lastKnownFileType = sourcecode.c.objc; path = InfiniteActivityScrollingView.m; sourceTree = "<group>"; };
		F6F040A220F416DD0084C2E2 /* Instagram.app */ = {isa = PBXFileReference; explicitFileType = wrapper.application; includeInIndex = 0; path = Instagram.app; sourceTree = BUILT_PRODUCTS_DIR; };
		F6F040A520F416DD0084C2E2 /* AppDelegate.h */ = {isa = PBXFileReference; lastKnownFileType = sourcecode.c.h; path = AppDelegate.h; sourceTree = "<group>"; };
		F6F040A620F416DD0084C2E2 /* AppDelegate.m */ = {isa = PBXFileReference; lastKnownFileType = sourcecode.c.objc; path = AppDelegate.m; sourceTree = "<group>"; };
		F6F040A820F416DD0084C2E2 /* ViewController.h */ = {isa = PBXFileReference; lastKnownFileType = sourcecode.c.h; path = ViewController.h; sourceTree = "<group>"; };
		F6F040A920F416DD0084C2E2 /* ViewController.m */ = {isa = PBXFileReference; lastKnownFileType = sourcecode.c.objc; path = ViewController.m; sourceTree = "<group>"; };
		F6F040AC20F416DD0084C2E2 /* Base */ = {isa = PBXFileReference; lastKnownFileType = file.storyboard; name = Base; path = Base.lproj/Main.storyboard; sourceTree = "<group>"; };
		F6F040AE20F416DF0084C2E2 /* Assets.xcassets */ = {isa = PBXFileReference; lastKnownFileType = folder.assetcatalog; path = Assets.xcassets; sourceTree = "<group>"; };
		F6F040B120F416DF0084C2E2 /* Base */ = {isa = PBXFileReference; lastKnownFileType = file.storyboard; name = Base; path = Base.lproj/LaunchScreen.storyboard; sourceTree = "<group>"; };
		F6F040B320F416DF0084C2E2 /* Info.plist */ = {isa = PBXFileReference; lastKnownFileType = text.plist.xml; path = Info.plist; sourceTree = "<group>"; };
		F6F040B420F416DF0084C2E2 /* main.m */ = {isa = PBXFileReference; lastKnownFileType = sourcecode.c.objc; path = main.m; sourceTree = "<group>"; };
/* End PBXFileReference section */

/* Begin PBXFrameworksBuildPhase section */
		F6F0409F20F416DD0084C2E2 /* Frameworks */ = {
			isa = PBXFrameworksBuildPhase;
			buildActionMask = 2147483647;
			files = (
				F6B6E16020F5637E00B86D04 /* CoreLocation.framework in Frameworks */,
				FDDADA04E0F8E6E96B53CFD6 /* libPods-Instagram.a in Frameworks */,
			);
			runOnlyForDeploymentPostprocessing = 0;
		};
/* End PBXFrameworksBuildPhase section */

/* Begin PBXGroup section */
		288973CEE620E69BCF27044F /* Frameworks */ = {
			isa = PBXGroup;
			children = (
				F6B6E15F20F5637E00B86D04 /* CoreLocation.framework */,
				B45A87801BB6C626F8F05281 /* libPods-Instagram.a */,
			);
			name = Frameworks;
			sourceTree = "<group>";
		};
		880926A68B40BB0B2AF50EE3 /* Pods */ = {
			isa = PBXGroup;
			children = (
				0CCE564BB0551E48C566E2EB /* Pods-Instagram.debug.xcconfig */,
				88B120B3A2FC5EC364CC55A6 /* Pods-Instagram.release.xcconfig */,
			);
			name = Pods;
			sourceTree = "<group>";
		};
		F68A709B20F5511200F50C88 /* View Controllers */ = {
			isa = PBXGroup;
			children = (
				F6F040A820F416DD0084C2E2 /* ViewController.h */,
				F6F040A920F416DD0084C2E2 /* ViewController.m */,
				F68A708320F41CCF00F50C88 /* LoginViewController.h */,
				F68A708420F41CCF00F50C88 /* LoginViewController.m */,
				F68A709820F5508000F50C88 /* DetailsViewController.h */,
				F68A709920F5508000F50C88 /* DetailsViewController.m */,
				F68A708C20F426D000F50C88 /* ComposeViewController.h */,
				F68A708D20F426D000F50C88 /* ComposeViewController.m */,
				F68A708620F41F0000F50C88 /* TimelineViewController.h */,
				F68A708720F41F0000F50C88 /* TimelineViewController.m */,
				F6B6E16620F69AF400B86D04 /* ProfileViewController.h */,
				F6B6E16720F69AF400B86D04 /* ProfileViewController.m */,
			);
			path = "View Controllers";
			sourceTree = "<group>";
		};
		F6F0409920F416DD0084C2E2 = {
			isa = PBXGroup;
			children = (
				F6F040A420F416DD0084C2E2 /* Instagram */,
				F6F040A320F416DD0084C2E2 /* Products */,
				880926A68B40BB0B2AF50EE3 /* Pods */,
				288973CEE620E69BCF27044F /* Frameworks */,
			);
			sourceTree = "<group>";
		};
		F6F040A320F416DD0084C2E2 /* Products */ = {
			isa = PBXGroup;
			children = (
				F6F040A220F416DD0084C2E2 /* Instagram.app */,
			);
			name = Products;
			sourceTree = "<group>";
		};
		F6F040A420F416DD0084C2E2 /* Instagram */ = {
			isa = PBXGroup;
			children = (
				F68A709B20F5511200F50C88 /* View Controllers */,
				F6F040A520F416DD0084C2E2 /* AppDelegate.h */,
				F68A709520F42E3100F50C88 /* InstagramCell.h */,
				F68A709620F42E3100F50C88 /* InstagramCell.m */,
				F6B6E16F20F9151500B86D04 /* InfiniteActivityScrollingView.h */,
				F6B6E17020F9151500B86D04 /* InfiniteActivityScrollingView.m */,
				F6F040A620F416DD0084C2E2 /* AppDelegate.m */,
				F6B6E16920F6BD3500B86D04 /* ImageCell.h */,
				F6B6E16A20F6BD3500B86D04 /* ImageCell.m */,
				F6F040AB20F416DD0084C2E2 /* Main.storyboard */,
				F68A708920F4261A00F50C88 /* Post.h */,
				F68A708A20F4261A00F50C88 /* Post.m */,
				F6F040AE20F416DF0084C2E2 /* Assets.xcassets */,
				F6F040B020F416DF0084C2E2 /* LaunchScreen.storyboard */,
				F6B6E16C20F80D2000B86D04 /* YelpManager.h */,
				F6B6E16D20F80D2000B86D04 /* YelpManager.m */,
				F6F040B320F416DF0084C2E2 /* Info.plist */,
				F6F040B420F416DF0084C2E2 /* main.m */,
			);
			path = Instagram;
			sourceTree = "<group>";
		};
/* End PBXGroup section */

/* Begin PBXNativeTarget section */
		F6F040A120F416DD0084C2E2 /* Instagram */ = {
			isa = PBXNativeTarget;
			buildConfigurationList = F6F040B820F416DF0084C2E2 /* Build configuration list for PBXNativeTarget "Instagram" */;
			buildPhases = (
				1106F1483FEFE509BF2D978E /* [CP] Check Pods Manifest.lock */,
				F6F0409E20F416DD0084C2E2 /* Sources */,
				F6F0409F20F416DD0084C2E2 /* Frameworks */,
				F6F040A020F416DD0084C2E2 /* Resources */,
				40B04CF26B2CD1A485A2BFFB /* [CP] Copy Pods Resources */,
			);
			buildRules = (
			);
			dependencies = (
			);
			name = Instagram;
			productName = Instagram;
			productReference = F6F040A220F416DD0084C2E2 /* Instagram.app */;
			productType = "com.apple.product-type.application";
		};
/* End PBXNativeTarget section */

/* Begin PBXProject section */
		F6F0409A20F416DD0084C2E2 /* Project object */ = {
			isa = PBXProject;
			attributes = {
				LastUpgradeCheck = 0940;
				ORGANIZATIONNAME = EmmaQian;
				TargetAttributes = {
					F6F040A120F416DD0084C2E2 = {
						CreatedOnToolsVersion = 9.4.1;
					};
				};
			};
			buildConfigurationList = F6F0409D20F416DD0084C2E2 /* Build configuration list for PBXProject "Instagram" */;
			compatibilityVersion = "Xcode 9.3";
			developmentRegion = en;
			hasScannedForEncodings = 0;
			knownRegions = (
				en,
				Base,
			);
			mainGroup = F6F0409920F416DD0084C2E2;
			productRefGroup = F6F040A320F416DD0084C2E2 /* Products */;
			projectDirPath = "";
			projectRoot = "";
			targets = (
				F6F040A120F416DD0084C2E2 /* Instagram */,
			);
		};
/* End PBXProject section */

/* Begin PBXResourcesBuildPhase section */
		F6F040A020F416DD0084C2E2 /* Resources */ = {
			isa = PBXResourcesBuildPhase;
			buildActionMask = 2147483647;
			files = (
				F6F040B220F416DF0084C2E2 /* LaunchScreen.storyboard in Resources */,
				F6F040AF20F416DF0084C2E2 /* Assets.xcassets in Resources */,
				F6F040AD20F416DD0084C2E2 /* Main.storyboard in Resources */,
			);
			runOnlyForDeploymentPostprocessing = 0;
		};
/* End PBXResourcesBuildPhase section */

/* Begin PBXShellScriptBuildPhase section */
		1106F1483FEFE509BF2D978E /* [CP] Check Pods Manifest.lock */ = {
			isa = PBXShellScriptBuildPhase;
			buildActionMask = 2147483647;
			files = (
			);
			inputPaths = (
				"${PODS_PODFILE_DIR_PATH}/Podfile.lock",
				"${PODS_ROOT}/Manifest.lock",
			);
			name = "[CP] Check Pods Manifest.lock";
			outputPaths = (
				"$(DERIVED_FILE_DIR)/Pods-Instagram-checkManifestLockResult.txt",
			);
			runOnlyForDeploymentPostprocessing = 0;
			shellPath = /bin/sh;
			shellScript = "diff \"${PODS_PODFILE_DIR_PATH}/Podfile.lock\" \"${PODS_ROOT}/Manifest.lock\" > /dev/null\nif [ $? != 0 ] ; then\n    # print error to STDERR\n    echo \"error: The sandbox is not in sync with the Podfile.lock. Run 'pod install' or update your CocoaPods installation.\" >&2\n    exit 1\nfi\n# This output is used by Xcode 'outputs' to avoid re-running this script phase.\necho \"SUCCESS\" > \"${SCRIPT_OUTPUT_FILE_0}\"\n";
			showEnvVarsInLog = 0;
		};
		40B04CF26B2CD1A485A2BFFB /* [CP] Copy Pods Resources */ = {
			isa = PBXShellScriptBuildPhase;
			buildActionMask = 2147483647;
			files = (
			);
			inputPaths = (
				"${SRCROOT}/Pods/Target Support Files/Pods-Instagram/Pods-Instagram-resources.sh",
				"${PODS_ROOT}/DateTools/DateTools/DateTools/DateTools.bundle",
				"${PODS_CONFIGURATION_BUILD_DIR}/Parse/Parse.bundle",
				"${PODS_ROOT}/ParseUI/ParseUI/Resources/Localization/en.lproj",
				"${PODS_ROOT}/ParseUI/ParseUI/Resources/Localization/fr.lproj",
				"${PODS_ROOT}/ParseUI/ParseUI/Resources/Localization/pt-BR.lproj",
			);
			name = "[CP] Copy Pods Resources";
			outputPaths = (
				"${TARGET_BUILD_DIR}/${UNLOCALIZED_RESOURCES_FOLDER_PATH}/DateTools.bundle",
				"${TARGET_BUILD_DIR}/${UNLOCALIZED_RESOURCES_FOLDER_PATH}/Parse.bundle",
				"${TARGET_BUILD_DIR}/${UNLOCALIZED_RESOURCES_FOLDER_PATH}/en.lproj",
				"${TARGET_BUILD_DIR}/${UNLOCALIZED_RESOURCES_FOLDER_PATH}/fr.lproj",
				"${TARGET_BUILD_DIR}/${UNLOCALIZED_RESOURCES_FOLDER_PATH}/pt-BR.lproj",
			);
			runOnlyForDeploymentPostprocessing = 0;
			shellPath = /bin/sh;
			shellScript = "\"${SRCROOT}/Pods/Target Support Files/Pods-Instagram/Pods-Instagram-resources.sh\"\n";
			showEnvVarsInLog = 0;
		};
/* End PBXShellScriptBuildPhase section */

/* Begin PBXSourcesBuildPhase section */
		F6F0409E20F416DD0084C2E2 /* Sources */ = {
			isa = PBXSourcesBuildPhase;
			buildActionMask = 2147483647;
			files = (
				F68A709720F42E3100F50C88 /* InstagramCell.m in Sources */,
				F68A708520F41CCF00F50C88 /* LoginViewController.m in Sources */,
				F6B6E16B20F6BD3500B86D04 /* ImageCell.m in Sources */,
				F68A708B20F4261A00F50C88 /* Post.m in Sources */,
				F6F040AA20F416DD0084C2E2 /* ViewController.m in Sources */,
				F6B6E16E20F80D2000B86D04 /* YelpManager.m in Sources */,
				F6B6E16820F69AF400B86D04 /* ProfileViewController.m in Sources */,
				F6F040B520F416DF0084C2E2 /* main.m in Sources */,
				F68A708E20F426D000F50C88 /* ComposeViewController.m in Sources */,
				F68A709A20F5508000F50C88 /* DetailsViewController.m in Sources */,
				F6F040A720F416DD0084C2E2 /* AppDelegate.m in Sources */,
				F68A708820F41F0000F50C88 /* TimelineViewController.m in Sources */,
				F6B6E17120F9151500B86D04 /* InfiniteActivityScrollingView.m in Sources */,
			);
			runOnlyForDeploymentPostprocessing = 0;
		};
/* End PBXSourcesBuildPhase section */

/* Begin PBXVariantGroup section */
		F6F040AB20F416DD0084C2E2 /* Main.storyboard */ = {
			isa = PBXVariantGroup;
			children = (
				F6F040AC20F416DD0084C2E2 /* Base */,
			);
			name = Main.storyboard;
			sourceTree = "<group>";
		};
		F6F040B020F416DF0084C2E2 /* LaunchScreen.storyboard */ = {
			isa = PBXVariantGroup;
			children = (
				F6F040B120F416DF0084C2E2 /* Base */,
			);
			name = LaunchScreen.storyboard;
			sourceTree = "<group>";
		};
/* End PBXVariantGroup section */

/* Begin XCBuildConfiguration section */
		F6F040B620F416DF0084C2E2 /* Debug */ = {
			isa = XCBuildConfiguration;
			buildSettings = {
				ALWAYS_SEARCH_USER_PATHS = NO;
				CLANG_ANALYZER_NONNULL = YES;
				CLANG_ANALYZER_NUMBER_OBJECT_CONVERSION = YES_AGGRESSIVE;
				CLANG_CXX_LANGUAGE_STANDARD = "gnu++14";
				CLANG_CXX_LIBRARY = "libc++";
				CLANG_ENABLE_MODULES = YES;
				CLANG_ENABLE_OBJC_ARC = YES;
				CLANG_ENABLE_OBJC_WEAK = YES;
				CLANG_WARN_BLOCK_CAPTURE_AUTORELEASING = YES;
				CLANG_WARN_BOOL_CONVERSION = YES;
				CLANG_WARN_COMMA = YES;
				CLANG_WARN_CONSTANT_CONVERSION = YES;
				CLANG_WARN_DEPRECATED_OBJC_IMPLEMENTATIONS = YES;
				CLANG_WARN_DIRECT_OBJC_ISA_USAGE = YES_ERROR;
				CLANG_WARN_DOCUMENTATION_COMMENTS = YES;
				CLANG_WARN_EMPTY_BODY = YES;
				CLANG_WARN_ENUM_CONVERSION = YES;
				CLANG_WARN_INFINITE_RECURSION = YES;
				CLANG_WARN_INT_CONVERSION = YES;
				CLANG_WARN_NON_LITERAL_NULL_CONVERSION = YES;
				CLANG_WARN_OBJC_IMPLICIT_RETAIN_SELF = YES;
				CLANG_WARN_OBJC_LITERAL_CONVERSION = YES;
				CLANG_WARN_OBJC_ROOT_CLASS = YES_ERROR;
				CLANG_WARN_RANGE_LOOP_ANALYSIS = YES;
				CLANG_WARN_STRICT_PROTOTYPES = YES;
				CLANG_WARN_SUSPICIOUS_MOVE = YES;
				CLANG_WARN_UNGUARDED_AVAILABILITY = YES_AGGRESSIVE;
				CLANG_WARN_UNREACHABLE_CODE = YES;
				CLANG_WARN__DUPLICATE_METHOD_MATCH = YES;
				CODE_SIGN_IDENTITY = "iPhone Developer";
				COPY_PHASE_STRIP = NO;
				DEBUG_INFORMATION_FORMAT = dwarf;
				ENABLE_STRICT_OBJC_MSGSEND = YES;
				ENABLE_TESTABILITY = YES;
				GCC_C_LANGUAGE_STANDARD = gnu11;
				GCC_DYNAMIC_NO_PIC = NO;
				GCC_NO_COMMON_BLOCKS = YES;
				GCC_OPTIMIZATION_LEVEL = 0;
				GCC_PREPROCESSOR_DEFINITIONS = (
					"DEBUG=1",
					"$(inherited)",
				);
				GCC_WARN_64_TO_32_BIT_CONVERSION = YES;
				GCC_WARN_ABOUT_RETURN_TYPE = YES_ERROR;
				GCC_WARN_UNDECLARED_SELECTOR = YES;
				GCC_WARN_UNINITIALIZED_AUTOS = YES_AGGRESSIVE;
				GCC_WARN_UNUSED_FUNCTION = YES;
				GCC_WARN_UNUSED_VARIABLE = YES;
				IPHONEOS_DEPLOYMENT_TARGET = 11.4;
				MTL_ENABLE_DEBUG_INFO = YES;
				ONLY_ACTIVE_ARCH = YES;
				SDKROOT = iphoneos;
			};
			name = Debug;
		};
		F6F040B720F416DF0084C2E2 /* Release */ = {
			isa = XCBuildConfiguration;
			buildSettings = {
				ALWAYS_SEARCH_USER_PATHS = NO;
				CLANG_ANALYZER_NONNULL = YES;
				CLANG_ANALYZER_NUMBER_OBJECT_CONVERSION = YES_AGGRESSIVE;
				CLANG_CXX_LANGUAGE_STANDARD = "gnu++14";
				CLANG_CXX_LIBRARY = "libc++";
				CLANG_ENABLE_MODULES = YES;
				CLANG_ENABLE_OBJC_ARC = YES;
				CLANG_ENABLE_OBJC_WEAK = YES;
				CLANG_WARN_BLOCK_CAPTURE_AUTORELEASING = YES;
				CLANG_WARN_BOOL_CONVERSION = YES;
				CLANG_WARN_COMMA = YES;
				CLANG_WARN_CONSTANT_CONVERSION = YES;
				CLANG_WARN_DEPRECATED_OBJC_IMPLEMENTATIONS = YES;
				CLANG_WARN_DIRECT_OBJC_ISA_USAGE = YES_ERROR;
				CLANG_WARN_DOCUMENTATION_COMMENTS = YES;
				CLANG_WARN_EMPTY_BODY = YES;
				CLANG_WARN_ENUM_CONVERSION = YES;
				CLANG_WARN_INFINITE_RECURSION = YES;
				CLANG_WARN_INT_CONVERSION = YES;
				CLANG_WARN_NON_LITERAL_NULL_CONVERSION = YES;
				CLANG_WARN_OBJC_IMPLICIT_RETAIN_SELF = YES;
				CLANG_WARN_OBJC_LITERAL_CONVERSION = YES;
				CLANG_WARN_OBJC_ROOT_CLASS = YES_ERROR;
				CLANG_WARN_RANGE_LOOP_ANALYSIS = YES;
				CLANG_WARN_STRICT_PROTOTYPES = YES;
				CLANG_WARN_SUSPICIOUS_MOVE = YES;
				CLANG_WARN_UNGUARDED_AVAILABILITY = YES_AGGRESSIVE;
				CLANG_WARN_UNREACHABLE_CODE = YES;
				CLANG_WARN__DUPLICATE_METHOD_MATCH = YES;
				CODE_SIGN_IDENTITY = "iPhone Developer";
				COPY_PHASE_STRIP = NO;
				DEBUG_INFORMATION_FORMAT = "dwarf-with-dsym";
				ENABLE_NS_ASSERTIONS = NO;
				ENABLE_STRICT_OBJC_MSGSEND = YES;
				GCC_C_LANGUAGE_STANDARD = gnu11;
				GCC_NO_COMMON_BLOCKS = YES;
				GCC_WARN_64_TO_32_BIT_CONVERSION = YES;
				GCC_WARN_ABOUT_RETURN_TYPE = YES_ERROR;
				GCC_WARN_UNDECLARED_SELECTOR = YES;
				GCC_WARN_UNINITIALIZED_AUTOS = YES_AGGRESSIVE;
				GCC_WARN_UNUSED_FUNCTION = YES;
				GCC_WARN_UNUSED_VARIABLE = YES;
				IPHONEOS_DEPLOYMENT_TARGET = 11.4;
				MTL_ENABLE_DEBUG_INFO = NO;
				SDKROOT = iphoneos;
				VALIDATE_PRODUCT = YES;
			};
			name = Release;
		};
		F6F040B920F416DF0084C2E2 /* Debug */ = {
			isa = XCBuildConfiguration;
			baseConfigurationReference = 0CCE564BB0551E48C566E2EB /* Pods-Instagram.debug.xcconfig */;
			buildSettings = {
				ASSETCATALOG_COMPILER_APPICON_NAME = AppIcon;
				CODE_SIGN_STYLE = Automatic;
				DEVELOPMENT_TEAM = T43H6FGZD6;
				INFOPLIST_FILE = Instagram/Info.plist;
				LD_RUNPATH_SEARCH_PATHS = (
					"$(inherited)",
					"@executable_path/Frameworks",
				);
				PRODUCT_BUNDLE_IDENTIFIER = EmmaQian.Instagram;
				PRODUCT_NAME = "$(TARGET_NAME)";
				TARGETED_DEVICE_FAMILY = "1,2";
			};
			name = Debug;
		};
		F6F040BA20F416DF0084C2E2 /* Release */ = {
			isa = XCBuildConfiguration;
			baseConfigurationReference = 88B120B3A2FC5EC364CC55A6 /* Pods-Instagram.release.xcconfig */;
			buildSettings = {
				ASSETCATALOG_COMPILER_APPICON_NAME = AppIcon;
				CODE_SIGN_STYLE = Automatic;
				DEVELOPMENT_TEAM = T43H6FGZD6;
				INFOPLIST_FILE = Instagram/Info.plist;
				LD_RUNPATH_SEARCH_PATHS = (
					"$(inherited)",
					"@executable_path/Frameworks",
				);
				PRODUCT_BUNDLE_IDENTIFIER = EmmaQian.Instagram;
				PRODUCT_NAME = "$(TARGET_NAME)";
				TARGETED_DEVICE_FAMILY = "1,2";
			};
			name = Release;
		};
/* End XCBuildConfiguration section */

/* Begin XCConfigurationList section */
		F6F0409D20F416DD0084C2E2 /* Build configuration list for PBXProject "Instagram" */ = {
			isa = XCConfigurationList;
			buildConfigurations = (
				F6F040B620F416DF0084C2E2 /* Debug */,
				F6F040B720F416DF0084C2E2 /* Release */,
			);
			defaultConfigurationIsVisible = 0;
			defaultConfigurationName = Release;
		};
		F6F040B820F416DF0084C2E2 /* Build configuration list for PBXNativeTarget "Instagram" */ = {
			isa = XCConfigurationList;
			buildConfigurations = (
				F6F040B920F416DF0084C2E2 /* Debug */,
				F6F040BA20F416DF0084C2E2 /* Release */,
			);
			defaultConfigurationIsVisible = 0;
			defaultConfigurationName = Release;
		};
/* End XCConfigurationList section */
	};
	rootObject = F6F0409A20F416DD0084C2E2 /* Project object */;
}
